<Solution>
  <Configurations>
    <Platform Name="ARM64" />
    <Platform Name="x64" />
    <Platform Name="x86" />
  </Configurations>
  <Project Path="../Tests_and_Interviews.Web/Tests_and_Interviews.Web/Tests_and_Interviews.Web.csproj">
    <Build Solution="Debug|*" Project="false" />
  </Project>
  <Project Path="TestsAndInterviews.Tests/TestsAndInterviews.Tests.csproj" Id="6d338443-1de1-4117-9b74-64610b660a49">
    <Platform Solution="Debug|x64" Project="x64" />
  </Project>
  <Project Path="Tests_and_Interviews/Tests_and_Interviews.csproj">
    <Platform Solution="*|ARM64" Project="ARM64" />
    <Platform Solution="*|x64" Project="x64" />
    <Platform Solution="*|x86" Project="x86" />
    <Deploy />
  </Project>
</Solution>
